# This file is generated by running "yarn install" inside your project.
# Manual changes might be lost - proceed with caution!

__metadata:
  version: 6
  cacheKey: 8

"@types/node@npm:^18.11.18":
  version: 18.11.18
  resolution: "@types/node@npm:18.11.18"
  checksum: 03f17f9480f8d775c8a72da5ea7e9383db5f6d85aa5fefde90dd953a1449bd5e4ffde376f139da4f3744b4c83942166d2a7603969a6f8ea826edfb16e6e3b49d
  languageName: node
  linkType: hard

"dotenv@npm:^16.0.3":
  version: 16.0.3
  resolution: "dotenv@npm:16.0.3"
  checksum: afcf03f373d7a6d62c7e9afea6328e62851d627a4e73f2e12d0a8deae1cd375892004f3021883f8aec85932cd2834b091f568ced92b4774625b321db83b827f8
  languageName: node
  linkType: hard

"scripts@workspace:.":
  version: 0.0.0-use.local
  resolution: "scripts@workspace:."
  dependencies:
    "@types/node": ^18.11.18
    dotenv: ^16.0.3
  languageName: unknown
  linkType: soft
